
Microsoft Visual Studio Solution File, Format Version 12.00
Project("{FAE04EC0-301F-11D3-BF4B-00C04F79EFBC}") = "RPGPrototype", "RPGPrototype\RPGPrototype.csproj", "{C17179D9-2065-428B-8C43-ACAFE4D6E28D}"
EndProject
Project("{FAE04EC0-301F-11D3-BF4B-00C04F79EFBC}") = "MonoGameLibrary", "MonoGameLibrary\MonoGameLibrary.csproj", "{38BD9291-E0C9-4797-B352-DD6A1ECEA02C}"
EndProject
Global
	GlobalSection(SolutionConfigurationPlatforms) = preSolution
		Debug|Any CPU = Debug|Any CPU
		Release|Any CPU = Release|Any CPU
	EndGlobalSection
	GlobalSection(ProjectConfigurationPlatforms) = postSolution
		{C17179D9-2065-428B-8C43-ACAFE4D6E28D}.Debug|Any CPU.ActiveCfg = Debug|Any CPU
		{C17179D9-2065-428B-8C43-ACAFE4D6E28D}.Debug|Any CPU.Build.0 = Debug|Any CPU
		{C17179D9-2065-428B-8C43-ACAFE4D6E28D}.Release|Any CPU.ActiveCfg = Release|Any CPU
		{C17179D9-2065-428B-8C43-ACAFE4D6E28D}.Release|Any CPU.Build.0 = Release|Any CPU
		{38BD9291-E0C9-4797-B352-DD6A1ECEA02C}.Debug|Any CPU.ActiveCfg = Debug|Any CPU
		{38BD9291-E0C9-4797-B352-DD6A1ECEA02C}.Debug|Any CPU.Build.0 = Debug|Any CPU
		{38BD9291-E0C9-4797-B352-DD6A1ECEA02C}.Release|Any CPU.ActiveCfg = Release|Any CPU
		{38BD9291-E0C9-4797-B352-DD6A1ECEA02C}.Release|Any CPU.Build.0 = Release|Any CPU
	EndGlobalSection
EndGlobal
